{
  "name": "dessert-filesize",
  "version": "1.0.1",
  "lockfileVersion": 1,
  "requires": true,
  "dependencies": {
    "dessert-filesize-core": {
      "version": "0.4.0",
      "resolved": "https://registry.npmjs.org/dessert-filesize-core/-/dessert-filesize-core-0.4.0.tgz",
      "integrity": "sha512-uxln0Em9P495aauz8nRbmAsKIWl7N2QCM2XdWpsnlasWOPyyWjVLBQSPY7abfc36HihDnnXUQEUPQsDwWCkLHw=="
    }
  }
}
