{
  "name": "dessert-filesize",
  "version": "1.0.2",
  "lockfileVersion": 1,
  "requires": true,
  "dependencies": {
    "dessert-filesize-core": {
      "version": "0.4.1",
      "resolved": "https://registry.npmjs.org/dessert-filesize-core/-/dessert-filesize-core-0.4.1.tgz",
      "integrity": "sha512-+8P3ft7ufvWnYyWCHFpSZEdRoyS791Sk6z1RTvLGMWctnFNniKrMSB7PSvgvAAYr15T2Y3gNG8DBJQ5K6NX6WA=="
    }
  }
}
